// !$*UTF8*$!
{
	archiveVersion = 1;
	classes = {
	};
	objectVersion = 46;
	objects = {

/* Begin PBXBuildFile section */
		F4866DB71B0B14AD00D58AE6 /* AppDelegate.swift in Sources */ = {isa = PBXBuildFile; fileRef = F4866DB61B0B14AD00D58AE6 /* AppDelegate.swift */; };
		F4866DB91B0B14AD00D58AE6 /* ViewController.swift in Sources */ = {isa = PBXBuildFile; fileRef = F4866DB81B0B14AD00D58AE6 /* ViewController.swift */; };
		F4866DBC1B0B14AD00D58AE6 /* Main.storyboard in Resources */ = {isa = PBXBuildFile; fileRef = F4866DBA1B0B14AD00D58AE6 /* Main.storyboard */; };
		F4866DBE1B0B14AD00D58AE6 /* Images.xcassets in Resources */ = {isa = PBXBuildFile; fileRef = F4866DBD1B0B14AD00D58AE6 /* Images.xcassets */; };
		F4866DC11B0B14AD00D58AE6 /* LaunchScreen.xib in Resources */ = {isa = PBXBuildFile; fileRef = F4866DBF1B0B14AD00D58AE6 /* LaunchScreen.xib */; };
		F4866DCD1B0B14AD00D58AE6 /* SnakeTableViewTestTests.swift in Sources */ = {isa = PBXBuildFile; fileRef = F4866DCC1B0B14AD00D58AE6 /* SnakeTableViewTestTests.swift */; };
/* End PBXBuildFile section */

/* Begin PBXContainerItemProxy section */
		F4866DC71B0B14AD00D58AE6 /* PBXContainerItemProxy */ = {
			isa = PBXContainerItemProxy;
			containerPortal = F4866DA91B0B14AD00D58AE6 /* Project object */;
			proxyType = 1;
			remoteGlobalIDString = F4866DB01B0B14AD00D58AE6;
			remoteInfo = SnakeTableViewTest;
		};
/* End PBXContainerItemProxy section */

/* Begin PBXFileReference section */
		F4866DB11B0B14AD00D58AE6 /* SnakeTableViewTest.app */ = {isa = PBXFileReference; explicitFileType = wrapper.application; includeInIndex = 0; path = SnakeTableViewTest.app; sourceTree = BUILT_PRODUCTS_DIR; };
		F4866DB51B0B14AD00D58AE6 /* Info.plist */ = {isa = PBXFileReference; lastKnownFileType = text.plist.xml; path = Info.plist; sourceTree = "<group>"; };
		F4866DB61B0B14AD00D58AE6 /* AppDelegate.swift */ = {isa = PBXFileReference; lastKnownFileType = sourcecode.swift; path = AppDelegate.swift; sourceTree = "<group>"; };
		F4866DB81B0B14AD00D58AE6 /* ViewController.swift */ = {isa = PBXFileReference; lastKnownFileType = sourcecode.swift; path = ViewController.swift; sourceTree = "<group>"; };
		F4866DBB1B0B14AD00D58AE6 /* Base */ = {isa = PBXFileReference; lastKnownFileType = file.storyboard; name = Base; path = Base.lproj/Main.storyboard; sourceTree = "<group>"; };
		F4866DBD1B0B14AD00D58AE6 /* Images.xcassets */ = {isa = PBXFileReference; lastKnownFileType = folder.assetcatalog; path = Images.xcassets; sourceTree = "<group>"; };
		F4866DC01B0B14AD00D58AE6 /* Base */ = {isa = PBXFileReference; lastKnownFileType = file.xib; name = Base; path = Base.lproj/LaunchScreen.xib; sourceTree = "<group>"; };
		F4866DC61B0B14AD00D58AE6 /* SnakeTableViewTestTests.xctest */ = {isa = PBXFileReference; explicitFileType = wrapper.cfbundle; includeInIndex = 0; path = SnakeTableViewTestTests.xctest; sourceTree = BUILT_PRODUCTS_DIR; };
		F4866DCB1B0B14AD00D58AE6 /* Info.plist */ = {isa = PBXFileReference; lastKnownFileType = text.plist.xml; path = Info.plist; sourceTree = "<group>"; };
		F4866DCC1B0B14AD00D58AE6 /* SnakeTableViewTestTests.swift */ = {isa = PBXFileReference; lastKnownFileType = sourcecode.swift; path = SnakeTableViewTestTests.swift; sourceTree = "<group>"; };
/* End PBXFileReference section */

/* Begin PBXFrameworksBuildPhase section */
		F4866DAE1B0B14AD00D58AE6 /* Frameworks */ = {
			isa = PBXFrameworksBuildPhase;
			buildActionMask = 2147483647;
			files = (
			);
			runOnlyForDeploymentPostprocessing = 0;
		};
		F4866DC31B0B14AD00D58AE6 /* Frameworks */ = {
			isa = PBXFrameworksBuildPhase;
			buildActionMask = 2147483647;
			files = (
			);
			runOnlyForDeploymentPostprocessing = 0;
		};
/* End PBXFrameworksBuildPhase section */

/* Begin PBXGroup section */
		F4866DA81B0B14AD00D58AE6 = {
			isa = PBXGroup;
			children = (
				F4866DB31B0B14AD00D58AE6 /* SnakeTableViewTest */,
				F4866DC91B0B14AD00D58AE6 /* SnakeTableViewTestTests */,
				F4866DB21B0B14AD00D58AE6 /* Products */,
			);
			sourceTree = "<group>";
		};
		F4866DB21B0B14AD00D58AE6 /* Products */ = {
			isa = PBXGroup;
			children = (
				F4866DB11B0B14AD00D58AE6 /* SnakeTableViewTest.app */,
				F4866DC61B0B14AD00D58AE6 /* SnakeTableViewTestTests.xctest */,
			);
			name = Products;
			sourceTree = "<group>";
		};
		F4866DB31B0B14AD00D58AE6 /* SnakeTableViewTest */ = {
			isa = PBXGroup;
			children = (
				F4866DB61B0B14AD00D58AE6 /* AppDelegate.swift */,
				F4866DB81B0B14AD00D58AE6 /* ViewController.swift */,
				F4866DBA1B0B14AD00D58AE6 /* Main.storyboard */,
				F4866DBD1B0B14AD00D58AE6 /* Images.xcassets */,
				F4866DBF1B0B14AD00D58AE6 /* LaunchScreen.xib */,
				F4866DB41B0B14AD00D58AE6 /* Supporting Files */,
			);
			path = SnakeTableViewTest;
			sourceTree = "<group>";
		};
		F4866DB41B0B14AD00D58AE6 /* Supporting Files */ = {
			isa = PBXGroup;
			children = (
				F4866DB51B0B14AD00D58AE6 /* Info.plist */,
			);
			name = "Supporting Files";
			sourceTree = "<group>";
		};
		F4866DC91B0B14AD00D58AE6 /* SnakeTableViewTestTests */ = {
			isa = PBXGroup;
			children = (
				F4866DCC1B0B14AD00D58AE6 /* SnakeTableViewTestTests.swift */,
				F4866DCA1B0B14AD00D58AE6 /* Supporting Files */,
			);
			path = SnakeTableViewTestTests;
			sourceTree = "<group>";
		};
		F4866DCA1B0B14AD00D58AE6 /* Supporting Files */ = {
			isa = PBXGroup;
			children = (
				F4866DCB1B0B14AD00D58AE6 /* Info.plist */,
			);
			name = "Supporting Files";
			sourceTree = "<group>";
		};
/* End PBXGroup section */

/* Begin PBXNativeTarget section */
		F4866DB01B0B14AD00D58AE6 /* SnakeTableViewTest */ = {
			isa = PBXNativeTarget;
			buildConfigurationList = F4866DD01B0B14AD00D58AE6 /* Build configuration list for PBXNativeTarget "SnakeTableViewTest" */;
			buildPhases = (
				F4866DAD1B0B14AD00D58AE6 /* Sources */,
				F4866DAE1B0B14AD00D58AE6 /* Frameworks */,
				F4866DAF1B0B14AD00D58AE6 /* Resources */,
			);
			buildRules = (
			);
			dependencies = (
			);
			name = SnakeTableViewTest;
			productName = SnakeTableViewTest;
			productReference = F4866DB11B0B14AD00D58AE6 /* SnakeTableViewTest.app */;
			productType = "com.apple.product-type.application";
		};
		F4866DC51B0B14AD00D58AE6 /* SnakeTableViewTestTests */ = {
			isa = PBXNativeTarget;
			buildConfigurationList = F4866DD31B0B14AD00D58AE6 /* Build configuration list for PBXNativeTarget "SnakeTableViewTestTests" */;
			buildPhases = (
				F4866DC21B0B14AD00D58AE6 /* Sources */,
				F4866DC31B0B14AD00D58AE6 /* Frameworks */,
				F4866DC41B0B14AD00D58AE6 /* Resources */,
			);
			buildRules = (
			);
			dependencies = (
				F4866DC81B0B14AD00D58AE6 /* PBXTargetDependency */,
			);
			name = SnakeTableViewTestTests;
			productName = SnakeTableViewTestTests;
			productReference = F4866DC61B0B14AD00D58AE6 /* SnakeTableViewTestTests.xctest */;
			productType = "com.apple.product-type.bundle.unit-test";
		};
/* End PBXNativeTarget section */

/* Begin PBXProject section */
		F4866DA91B0B14AD00D58AE6 /* Project object */ = {
			isa = PBXProject;
			attributes = {
				LastUpgradeCheck = 0630;
				ORGANIZATIONNAME = "Shani LTG";
				TargetAttributes = {
					F4866DB01B0B14AD00D58AE6 = {
						CreatedOnToolsVersion = 6.3.1;
					};
					F4866DC51B0B14AD00D58AE6 = {
						CreatedOnToolsVersion = 6.3.1;
						TestTargetID = F4866DB01B0B14AD00D58AE6;
					};
				};
			};
			buildConfigurationList = F4866DAC1B0B14AD00D58AE6 /* Build configuration list for PBXProject "SnakeTableViewTest" */;
			compatibilityVersion = "Xcode 3.2";
			developmentRegion = English;
			hasScannedForEncodings = 0;
			knownRegions = (
				en,
				Base,
			);
			mainGroup = F4866DA81B0B14AD00D58AE6;
			productRefGroup = F4866DB21B0B14AD00D58AE6 /* Products */;
			projectDirPath = "";
			projectRoot = "";
			targets = (
				F4866DB01B0B14AD00D58AE6 /* SnakeTableViewTest */,
				F4866DC51B0B14AD00D58AE6 /* SnakeTableViewTestTests */,
			);
		};
/* End PBXProject section */

/* Begin PBXResourcesBuildPhase section */
		F4866DAF1B0B14AD00D58AE6 /* Resources */ = {
			isa = PBXResourcesBuildPhase;
			buildActionMask = 2147483647;
			files = (
				F4866DBC1B0B14AD00D58AE6 /* Main.storyboard in Resources */,
				F4866DC11B0B14AD00D58AE6 /* LaunchScreen.xib in Resources */,
				F4866DBE1B0B14AD00D58AE6 /* Images.xcassets in Resources */,
			);
			runOnlyForDeploymentPostprocessing = 0;
		};
		F4866DC41B0B14AD00D58AE6 /* Resources */ = {
			isa = PBXResourcesBuildPhase;
			buildActionMask = 2147483647;
			files = (
			);
			runOnlyForDeploymentPostprocessing = 0;
		};
/* End PBXResourcesBuildPhase section */

/* Begin PBXSourcesBuildPhase section */
		F4866DAD1B0B14AD00D58AE6 /* Sources */ = {
			isa = PBXSourcesBuildPhase;
			buildActionMask = 2147483647;
			files = (
				F4866DB91B0B14AD00D58AE6 /* ViewController.swift in Sources */,
				F4866DB71B0B14AD00D58AE6 /* AppDelegate.swift in Sources */,
			);
			runOnlyForDeploymentPostprocessing = 0;
		};
		F4866DC21B0B14AD00D58AE6 /* Sources */ = {
			isa = PBXSourcesBuildPhase;
			buildActionMask = 2147483647;
			files = (
				F4866DCD1B0B14AD00D58AE6 /* SnakeTableViewTestTests.swift in Sources */,
			);
			runOnlyForDeploymentPostprocessing = 0;
		};
/* End PBXSourcesBuildPhase section */

/* Begin PBXTargetDependency section */
		F4866DC81B0B14AD00D58AE6 /* PBXTargetDependency */ = {
			isa = PBXTargetDependency;
			target = F4866DB01B0B14AD00D58AE6 /* SnakeTableViewTest */;
			targetProxy = F4866DC71B0B14AD00D58AE6 /* PBXContainerItemProxy */;
		};
/* End PBXTargetDependency section */

/* Begin PBXVariantGroup section */
		F4866DBA1B0B14AD00D58AE6 /* Main.storyboard */ = {
			isa = PBXVariantGroup;
			children = (
				F4866DBB1B0B14AD00D58AE6 /* Base */,
			);
			name = Main.storyboard;
			sourceTree = "<group>";
		};
		F4866DBF1B0B14AD00D58AE6 /* LaunchScreen.xib */ = {
			isa = PBXVariantGroup;
			children = (
				F4866DC01B0B14AD00D58AE6 /* Base */,
			);
			name = LaunchScreen.xib;
			sourceTree = "<group>";
		};
/* End PBXVariantGroup section */

/* Begin XCBuildConfiguration section */
		F4866DCE1B0B14AD00D58AE6 /* Debug */ = {
			isa = XCBuildConfiguration;
			buildSettings = {
				ALWAYS_SEARCH_USER_PATHS = NO;
				CLANG_CXX_LANGUAGE_STANDARD = "gnu++0x";
				CLANG_CXX_LIBRARY = "libc++";
				CLANG_ENABLE_MODULES = YES;
				CLANG_ENABLE_OBJC_ARC = YES;
				CLANG_WARN_BOOL_CONVERSION = YES;
				CLANG_WARN_CONSTANT_CONVERSION = YES;
				CLANG_WARN_DIRECT_OBJC_ISA_USAGE = YES_ERROR;
				CLANG_WARN_EMPTY_BODY = YES;
				CLANG_WARN_ENUM_CONVERSION = YES;
				CLANG_WARN_INT_CONVERSION = YES;
				CLANG_WARN_OBJC_ROOT_CLASS = YES_ERROR;
				CLANG_WARN_UNREACHABLE_CODE = YES;
				CLANG_WARN__DUPLICATE_METHOD_MATCH = YES;
				"CODE_SIGN_IDENTITY[sdk=iphoneos*]" = "iPhone Developer";
				COPY_PHASE_STRIP = NO;
				DEBUG_INFORMATION_FORMAT = "dwarf-with-dsym";
				ENABLE_STRICT_OBJC_MSGSEND = YES;
				GCC_C_LANGUAGE_STANDARD = gnu99;
				GCC_DYNAMIC_NO_PIC = NO;
				GCC_NO_COMMON_BLOCKS = YES;
				GCC_OPTIMIZATION_LEVEL = 0;
				GCC_PREPROCESSOR_DEFINITIONS = (
					"DEBUG=1",
					"$(inherited)",
				);
				GCC_SYMBOLS_PRIVATE_EXTERN = NO;
				GCC_WARN_64_TO_32_BIT_CONVERSION = YES;
				GCC_WARN_ABOUT_RETURN_TYPE = YES_ERROR;
				GCC_WARN_UNDECLARED_SELECTOR = YES;
				GCC_WARN_UNINITIALIZED_AUTOS = YES_AGGRESSIVE;
				GCC_WARN_UNUSED_FUNCTION = YES;
				GCC_WARN_UNUSED_VARIABLE = YES;
				IPHONEOS_DEPLOYMENT_TARGET = 8.3;
				MTL_ENABLE_DEBUG_INFO = YES;
				ONLY_ACTIVE_ARCH = YES;
				SDKROOT = iphoneos;
				SWIFT_OPTIMIZATION_LEVEL = "-Onone";
				TARGETED_DEVICE_FAMILY = "1,2";
			};
			name = Debug;
		};
		F4866DCF1B0B14AD00D58AE6 /* Release */ = {
			isa = XCBuildConfiguration;
			buildSettings = {
				ALWAYS_SEARCH_USER_PATHS = NO;
				CLANG_CXX_LANGUAGE_STANDARD = "gnu++0x";
				CLANG_CXX_LIBRARY = "libc++";
				CLANG_ENABLE_MODULES = YES;
				CLANG_ENABLE_OBJC_ARC = YES;
				CLANG_WARN_BOOL_CONVERSION = YES;
				CLANG_WARN_CONSTANT_CONVERSION = YES;
				CLANG_WARN_DIRECT_OBJC_ISA_USAGE = YES_ERROR;
				CLANG_WARN_EMPTY_BODY = YES;
				CLANG_WARN_ENUM_CONVERSION = YES;
				CLANG_WARN_INT_CONVERSION = YES;
				CLANG_WARN_OBJC_ROOT_CLASS = YES_ERROR;
				CLANG_WARN_UNREACHABLE_CODE = YES;
				CLANG_WARN__DUPLICATE_METHOD_MATCH = YES;
				"CODE_SIGN_IDENTITY[sdk=iphoneos*]" = "iPhone Developer";
				COPY_PHASE_STRIP = NO;
				DEBUG_INFORMATION_FORMAT = "dwarf-with-dsym";
				ENABLE_NS_ASSERTIONS = NO;
				ENABLE_STRICT_OBJC_MSGSEND = YES;
				GCC_C_LANGUAGE_STANDARD = gnu99;
				GCC_NO_COMMON_BLOCKS = YES;
				GCC_WARN_64_TO_32_BIT_CONVERSION = YES;
				GCC_WARN_ABOUT_RETURN_TYPE = YES_ERROR;
				GCC_WARN_UNDECLARED_SELECTOR = YES;
				GCC_WARN_UNINITIALIZED_AUTOS = YES_AGGRESSIVE;
				GCC_WARN_UNUSED_FUNCTION = YES;
				GCC_WARN_UNUSED_VARIABLE = YES;
				IPHONEOS_DEPLOYMENT_TARGET = 8.3;
				MTL_ENABLE_DEBUG_INFO = NO;
				SDKROOT = iphoneos;
				TARGETED_DEVICE_FAMILY = "1,2";
				VALIDATE_PRODUCT = YES;
			};
			name = Release;
		};
		F4866DD11B0B14AD00D58AE6 /* Debug */ = {
			isa = XCBuildConfiguration;
			buildSettings = {
				ASSETCATALOG_COMPILER_APPICON_NAME = AppIcon;
				INFOPLIST_FILE = SnakeTableViewTest/Info.plist;
				LD_RUNPATH_SEARCH_PATHS = "$(inherited) @executable_path/Frameworks";
				PRODUCT_NAME = "$(TARGET_NAME)";
			};
			name = Debug;
		};
		F4866DD21B0B14AD00D58AE6 /* Release */ = {
			isa = XCBuildConfiguration;
			buildSettings = {
				ASSETCATALOG_COMPILER_APPICON_NAME = AppIcon;
				INFOPLIST_FILE = SnakeTableViewTest/Info.plist;
				LD_RUNPATH_SEARCH_PATHS = "$(inherited) @executable_path/Frameworks";
				PRODUCT_NAME = "$(TARGET_NAME)";
			};
			name = Release;
		};
		F4866DD41B0B14AD00D58AE6 /* Debug */ = {
			isa = XCBuildConfiguration;
			buildSettings = {
				BUNDLE_LOADER = "$(TEST_HOST)";
				FRAMEWORK_SEARCH_PATHS = (
					"$(SDKROOT)/Developer/Library/Frameworks",
					"$(inherited)",
				);
				GCC_PREPROCESSOR_DEFINITIONS = (
					"DEBUG=1",
					"$(inherited)",
				);
				INFOPLIST_FILE = SnakeTableViewTestTests/Info.plist;
				LD_RUNPATH_SEARCH_PATHS = "$(inherited) @executable_path/Frameworks @loader_path/Frameworks";
				PRODUCT_NAME = "$(TARGET_NAME)";
				TEST_HOST = "$(BUILT_PRODUCTS_DIR)/SnakeTableViewTest.app/SnakeTableViewTest";
			};
			name = Debug;
		};
		F4866DD51B0B14AD00D58AE6 /* Release */ = {
			isa = XCBuildConfiguration;
			buildSettings = {
				BUNDLE_LOADER = "$(TEST_HOST)";
				FRAMEWORK_SEARCH_PATHS = (
					"$(SDKROOT)/Developer/Library/Frameworks",
					"$(inherited)",
				);
				INFOPLIST_FILE = SnakeTableViewTestTests/Info.plist;
				LD_RUNPATH_SEARCH_PATHS = "$(inherited) @executable_path/Frameworks @loader_path/Frameworks";
				PRODUCT_NAME = "$(TARGET_NAME)";
				TEST_HOST = "$(BUILT_PRODUCTS_DIR)/SnakeTableViewTest.app/SnakeTableViewTest";
			};
			name = Release;
		};
/* End XCBuildConfiguration section */

/* Begin XCConfigurationList section */
		F4866DAC1B0B14AD00D58AE6 /* Build configuration list for PBXProject "SnakeTableViewTest" */ = {
			isa = XCConfigurationList;
			buildConfigurations = (
				F4866DCE1B0B14AD00D58AE6 /* Debug */,
				F4866DCF1B0B14AD00D58AE6 /* Release */,
			);
			defaultConfigurationIsVisible = 0;
			defaultConfigurationName = Release;
		};
		F4866DD01B0B14AD00D58AE6 /* Build configuration list for PBXNativeTarget "SnakeTableViewTest" */ = {
			isa = XCConfigurationList;
			buildConfigurations = (
				F4866DD11B0B14AD00D58AE6 /* Debug */,
				F4866DD21B0B14AD00D58AE6 /* Release */,
			);
			defaultConfigurationIsVisible = 0;
		};
		F4866DD31B0B14AD00D58AE6 /* Build configuration list for PBXNativeTarget "SnakeTableViewTestTests" */ = {
			isa = XCConfigurationList;
			buildConfigurations = (
				F4866DD41B0B14AD00D58AE6 /* Debug */,
				F4866DD51B0B14AD00D58AE6 /* Release */,
			);
			defaultConfigurationIsVisible = 0;
		};
/* End XCConfigurationList section */
	};
	rootObject = F4866DA91B0B14AD00D58AE6 /* Project object */;
}
